
Microsoft Visual Studio Solution File, Format Version 12.00
# Visual Studio 15
VisualStudioVersion = 15.0.26730.15
MinimumVisualStudioVersion = 10.0.40219.1
Project("{FAE04EC0-301F-11D3-BF4B-00C04F79EFBC}") = "WebApplication2MVCAuthO", "WebApplication2MVCAuthO\WebApplication2MVCAuthO.csproj", "{08959F9E-B1F7-4003-84C4-6A8FEA201CED}"
EndProject
Global
	GlobalSection(SolutionConfigurationPlatforms) = preSolution
		Debug|Any CPU = Debug|Any CPU
		Release|Any CPU = Release|Any CPU
	EndGlobalSection
	GlobalSection(ProjectConfigurationPlatforms) = postSolution
		{08959F9E-B1F7-4003-84C4-6A8FEA201CED}.Debug|Any CPU.ActiveCfg = Debug|Any CPU
		{08959F9E-B1F7-4003-84C4-6A8FEA201CED}.Debug|Any CPU.Build.0 = Debug|Any CPU
		{08959F9E-B1F7-4003-84C4-6A8FEA201CED}.Release|Any CPU.ActiveCfg = Release|Any CPU
		{08959F9E-B1F7-4003-84C4-6A8FEA201CED}.Release|Any CPU.Build.0 = Release|Any CPU
	EndGlobalSection
	GlobalSection(SolutionProperties) = preSolution
		HideSolutionNode = FALSE
	EndGlobalSection
	GlobalSection(ExtensibilityGlobals) = postSolution
		SolutionGuid = {771939F0-17A6-416D-82A9-FC65C0F27888}
	EndGlobalSection
EndGlobal
